// !$*UTF8*$!
{
	archiveVersion = 1;
	classes = {
	};
	objectVersion = 46;
	objects = {

/* Begin PBXBuildFile section */
		3F6B4E5B1DEED18B000D25BD /* GWPRSS.m in Sources */ = {isa = PBXBuildFile; fileRef = 3F6B4E5A1DEED18B000D25BD /* GWPRSS.m */; };
		3F72B5F41DF842D1008286BA /* DB.xcdatamodeld in Sources */ = {isa = PBXBuildFile; fileRef = 3F72B5F21DF842D1008286BA /* DB.xcdatamodeld */; };
		3F76C4231E27DD150075E739 /* GWPRSSImageExtractor.m in Sources */ = {isa = PBXBuildFile; fileRef = 3F76C4221E27DD150075E739 /* GWPRSSImageExtractor.m */; };
		3F7B2A0B1DFAFCE2008B699D /* GWPRSSListController.m in Sources */ = {isa = PBXBuildFile; fileRef = 3F7B2A0A1DFAFCE2008B699D /* GWPRSSListController.m */; };
		3F7B2A0F1DFB0528008B699D /* GWPRSSEditController.m in Sources */ = {isa = PBXBuildFile; fileRef = 3F7B2A0E1DFB0528008B699D /* GWPRSSEditController.m */; };
		3F8130071DF6F29A001A0569 /* GWPDBController.m in Sources */ = {isa = PBXBuildFile; fileRef = 3F8130061DF6F29A001A0569 /* GWPDBController.m */; };
		3F814D831DE482FC0056F9FF /* NewsCell.xib in Resources */ = {isa = PBXBuildFile; fileRef = 3F814D821DE482FC0056F9FF /* NewsCell.xib */; };
		3F814D8D1DE4A9DE0056F9FF /* GWPRSSParser.m in Sources */ = {isa = PBXBuildFile; fileRef = 3F814D8C1DE4A9DE0056F9FF /* GWPRSSParser.m */; };
		3F815C081DE898FF005D03D7 /* GWPXibLoadCategory.m in Sources */ = {isa = PBXBuildFile; fileRef = 3F815C071DE898FF005D03D7 /* GWPXibLoadCategory.m */; };
		3F901C4A1DFC0DBC0049B3B0 /* GWPNewsMarkerController.m in Sources */ = {isa = PBXBuildFile; fileRef = 3F901C491DFC0DBC0049B3B0 /* GWPNewsMarkerController.m */; };
		3F901C4D1DFC149C0049B3B0 /* GWPNewsRecieverController.m in Sources */ = {isa = PBXBuildFile; fileRef = 3F901C4C1DFC149C0049B3B0 /* GWPNewsRecieverController.m */; };
		3F9896331DF9A49900A2F87F /* GWPDBControllerFactory.m in Sources */ = {isa = PBXBuildFile; fileRef = 3F9896321DF9A49900A2F87F /* GWPDBControllerFactory.m */; };
		3F9896371DF9A86000A2F87F /* GWPContextController.m in Sources */ = {isa = PBXBuildFile; fileRef = 3F9896361DF9A86000A2F87F /* GWPContextController.m */; };
		3F98963B1DF9AA2700A2F87F /* GWPNewsListController.m in Sources */ = {isa = PBXBuildFile; fileRef = 3F98963A1DF9AA2700A2F87F /* GWPNewsListController.m */; };
		3F9B056A1DF2E15F00E1EA8C /* ActivityIndicator.xib in Resources */ = {isa = PBXBuildFile; fileRef = 3F9B05691DF2E15F00E1EA8C /* ActivityIndicator.xib */; };
		3F9B05731DF2FD0F00E1EA8C /* GWPRSSEditViewController.m in Sources */ = {isa = PBXBuildFile; fileRef = 3F9B05721DF2FD0F00E1EA8C /* GWPRSSEditViewController.m */; };
		3FAEE4DE1DEDE52B00A67BB2 /* GWPRSSListCell.m in Sources */ = {isa = PBXBuildFile; fileRef = 3FAEE4DD1DEDE52B00A67BB2 /* GWPRSSListCell.m */; };
		3FAEE4E01DEDE54D00A67BB2 /* GWPRSSNewsCell.xib in Resources */ = {isa = PBXBuildFile; fileRef = 3FAEE4DF1DEDE54D00A67BB2 /* GWPRSSNewsCell.xib */; };
		3FAEE4E31DEDE6C800A67BB2 /* GWPRSSTableViewController.m in Sources */ = {isa = PBXBuildFile; fileRef = 3FAEE4E21DEDE6C800A67BB2 /* GWPRSSTableViewController.m */; };
		3FB08EF01E12CF8D003F1720 /* GWPRSSData+Requests.m in Sources */ = {isa = PBXBuildFile; fileRef = 3FB08EEF1E12CF8D003F1720 /* GWPRSSData+Requests.m */; };
		3FD4EF241E3A4199006354FB /* GWPBackgroundFetchController.m in Sources */ = {isa = PBXBuildFile; fileRef = 3FD4EF231E3A4199006354FB /* GWPBackgroundFetchController.m */; };
		3FD4EF271E3A5271006354FB /* rss.png in Resources */ = {isa = PBXBuildFile; fileRef = 3FD4EF261E3A5271006354FB /* rss.png */; };
		CE5C7F1B1DDDE15100E0943A /* GWPNewsBodyViewController.m in Sources */ = {isa = PBXBuildFile; fileRef = CE5C7F1A1DDDE15100E0943A /* GWPNewsBodyViewController.m */; };
		CEA15A611DDC3F56000533AF /* GWPNewsTableViewController.m in Sources */ = {isa = PBXBuildFile; fileRef = CEA15A601DDC3F56000533AF /* GWPNewsTableViewController.m */; };
		CEA15A641DDC489F000533AF /* GWPNewsTableViewCell.m in Sources */ = {isa = PBXBuildFile; fileRef = CEA15A631DDC489F000533AF /* GWPNewsTableViewCell.m */; };
		CEA15A671DDC4E53000533AF /* GWPNews.m in Sources */ = {isa = PBXBuildFile; fileRef = CEA15A661DDC4E53000533AF /* GWPNews.m */; };
		CEEF06AD1DDA0D680069F9B6 /* main.m in Sources */ = {isa = PBXBuildFile; fileRef = CEEF06AC1DDA0D680069F9B6 /* main.m */; };
		CEEF06B01DDA0D680069F9B6 /* AppDelegate.m in Sources */ = {isa = PBXBuildFile; fileRef = CEEF06AF1DDA0D680069F9B6 /* AppDelegate.m */; };
		CEEF06B61DDA0D680069F9B6 /* Main.storyboard in Resources */ = {isa = PBXBuildFile; fileRef = CEEF06B41DDA0D680069F9B6 /* Main.storyboard */; };
		CEEF06B81DDA0D680069F9B6 /* Assets.xcassets in Resources */ = {isa = PBXBuildFile; fileRef = CEEF06B71DDA0D680069F9B6 /* Assets.xcassets */; };
		CEEF06BB1DDA0D680069F9B6 /* LaunchScreen.storyboard in Resources */ = {isa = PBXBuildFile; fileRef = CEEF06B91DDA0D680069F9B6 /* LaunchScreen.storyboard */; };
/* End PBXBuildFile section */

/* Begin PBXFileReference section */
		3F6B4E591DEED18B000D25BD /* GWPRSS.h */ = {isa = PBXFileReference; fileEncoding = 4; lastKnownFileType = sourcecode.c.h; path = GWPRSS.h; sourceTree = "<group>"; };
		3F6B4E5A1DEED18B000D25BD /* GWPRSS.m */ = {isa = PBXFileReference; fileEncoding = 4; lastKnownFileType = sourcecode.c.objc; path = GWPRSS.m; sourceTree = "<group>"; };
		3F6B4E671DEEF2E3000D25BD /* GWPNewsListControllerProtocol.h */ = {isa = PBXFileReference; lastKnownFileType = sourcecode.c.h; path = GWPNewsListControllerProtocol.h; sourceTree = "<group>"; };
		3F6B4E691DEEF4CC000D25BD /* GWPRSSListControllerProtocol.h */ = {isa = PBXFileReference; lastKnownFileType = sourcecode.c.h; path = GWPRSSListControllerProtocol.h; sourceTree = "<group>"; };
		3F7254CC1DE5D7FB00893BA7 /* GWPDBControllerDelegate.h */ = {isa = PBXFileReference; lastKnownFileType = sourcecode.c.h; path = GWPDBControllerDelegate.h; sourceTree = "<group>"; };
		3F72B5F31DF842D1008286BA /* DB.xcdatamodel */ = {isa = PBXFileReference; lastKnownFileType = wrapper.xcdatamodel; path = DB.xcdatamodel; sourceTree = "<group>"; };
		3F76C4211E27DD150075E739 /* GWPRSSImageExtractor.h */ = {isa = PBXFileReference; fileEncoding = 4; lastKnownFileType = sourcecode.c.h; path = GWPRSSImageExtractor.h; sourceTree = "<group>"; };
		3F76C4221E27DD150075E739 /* GWPRSSImageExtractor.m */ = {isa = PBXFileReference; fileEncoding = 4; lastKnownFileType = sourcecode.c.objc; path = GWPRSSImageExtractor.m; sourceTree = "<group>"; };
		3F7B2A081DFACD18008B699D /* GWPContextControllerParent.h */ = {isa = PBXFileReference; lastKnownFileType = sourcecode.c.h; path = GWPContextControllerParent.h; sourceTree = "<group>"; };
		3F7B2A091DFAFCE2008B699D /* GWPRSSListController.h */ = {isa = PBXFileReference; fileEncoding = 4; lastKnownFileType = sourcecode.c.h; path = GWPRSSListController.h; sourceTree = "<group>"; };
		3F7B2A0A1DFAFCE2008B699D /* GWPRSSListController.m */ = {isa = PBXFileReference; fileEncoding = 4; lastKnownFileType = sourcecode.c.objc; path = GWPRSSListController.m; sourceTree = "<group>"; };
		3F7B2A0C1DFAFD2E008B699D /* GWPEditControllerProtocol.h */ = {isa = PBXFileReference; lastKnownFileType = sourcecode.c.h; path = GWPEditControllerProtocol.h; sourceTree = "<group>"; };
		3F7B2A0D1DFB0528008B699D /* GWPRSSEditController.h */ = {isa = PBXFileReference; fileEncoding = 4; lastKnownFileType = sourcecode.c.h; path = GWPRSSEditController.h; sourceTree = "<group>"; };
		3F7B2A0E1DFB0528008B699D /* GWPRSSEditController.m */ = {isa = PBXFileReference; fileEncoding = 4; lastKnownFileType = sourcecode.c.objc; path = GWPRSSEditController.m; sourceTree = "<group>"; };
		3F8130011DF6EEE5001A0569 /* GWPNewsMarkerControllerProtocol.h */ = {isa = PBXFileReference; lastKnownFileType = sourcecode.c.h; path = GWPNewsMarkerControllerProtocol.h; sourceTree = "<group>"; };
		3F8130051DF6F29A001A0569 /* GWPDBController.h */ = {isa = PBXFileReference; fileEncoding = 4; lastKnownFileType = sourcecode.c.h; path = GWPDBController.h; sourceTree = "<group>"; };
		3F8130061DF6F29A001A0569 /* GWPDBController.m */ = {isa = PBXFileReference; fileEncoding = 4; lastKnownFileType = sourcecode.c.objc; path = GWPDBController.m; sourceTree = "<group>"; };
		3F814D821DE482FC0056F9FF /* NewsCell.xib */ = {isa = PBXFileReference; fileEncoding = 4; lastKnownFileType = file.xib; path = NewsCell.xib; sourceTree = "<group>"; };
		3F814D8B1DE4A9DE0056F9FF /* GWPRSSParser.h */ = {isa = PBXFileReference; fileEncoding = 4; lastKnownFileType = sourcecode.c.h; path = GWPRSSParser.h; sourceTree = "<group>"; };
		3F814D8C1DE4A9DE0056F9FF /* GWPRSSParser.m */ = {isa = PBXFileReference; fileEncoding = 4; lastKnownFileType = sourcecode.c.objc; path = GWPRSSParser.m; sourceTree = "<group>"; };
		3F815C061DE898FF005D03D7 /* GWPXibLoadCategory.h */ = {isa = PBXFileReference; fileEncoding = 4; lastKnownFileType = sourcecode.c.h; name = GWPXibLoadCategory.h; path = Mini_tasks/GWPXibLoadCategory.h; sourceTree = "<group>"; };
		3F815C071DE898FF005D03D7 /* GWPXibLoadCategory.m */ = {isa = PBXFileReference; fileEncoding = 4; lastKnownFileType = sourcecode.c.objc; name = GWPXibLoadCategory.m; path = Mini_tasks/GWPXibLoadCategory.m; sourceTree = "<group>"; };
		3F901C481DFC0DBC0049B3B0 /* GWPNewsMarkerController.h */ = {isa = PBXFileReference; fileEncoding = 4; lastKnownFileType = sourcecode.c.h; path = GWPNewsMarkerController.h; sourceTree = "<group>"; };
		3F901C491DFC0DBC0049B3B0 /* GWPNewsMarkerController.m */ = {isa = PBXFileReference; fileEncoding = 4; lastKnownFileType = sourcecode.c.objc; path = GWPNewsMarkerController.m; sourceTree = "<group>"; };
		3F901C4B1DFC149C0049B3B0 /* GWPNewsRecieverController.h */ = {isa = PBXFileReference; fileEncoding = 4; lastKnownFileType = sourcecode.c.h; path = GWPNewsRecieverController.h; sourceTree = "<group>"; };
		3F901C4C1DFC149C0049B3B0 /* GWPNewsRecieverController.m */ = {isa = PBXFileReference; fileEncoding = 4; lastKnownFileType = sourcecode.c.objc; path = GWPNewsRecieverController.m; sourceTree = "<group>"; };
		3F901C521DFC21A40049B3B0 /* GWPNewsListControllerParent.h */ = {isa = PBXFileReference; lastKnownFileType = sourcecode.c.h; path = GWPNewsListControllerParent.h; sourceTree = "<group>"; };
		3F901C531DFC282C0049B3B0 /* GWPRecieverControllerParent.h */ = {isa = PBXFileReference; lastKnownFileType = sourcecode.c.h; path = GWPRecieverControllerParent.h; sourceTree = "<group>"; };
		3F9896311DF9A49900A2F87F /* GWPDBControllerFactory.h */ = {isa = PBXFileReference; fileEncoding = 4; lastKnownFileType = sourcecode.c.h; path = GWPDBControllerFactory.h; sourceTree = "<group>"; };
		3F9896321DF9A49900A2F87F /* GWPDBControllerFactory.m */ = {isa = PBXFileReference; fileEncoding = 4; lastKnownFileType = sourcecode.c.objc; path = GWPDBControllerFactory.m; sourceTree = "<group>"; };
		3F9896351DF9A86000A2F87F /* GWPContextController.h */ = {isa = PBXFileReference; fileEncoding = 4; lastKnownFileType = sourcecode.c.h; path = GWPContextController.h; sourceTree = "<group>"; };
		3F9896361DF9A86000A2F87F /* GWPContextController.m */ = {isa = PBXFileReference; fileEncoding = 4; lastKnownFileType = sourcecode.c.objc; path = GWPContextController.m; sourceTree = "<group>"; };
		3F9896391DF9AA2700A2F87F /* GWPNewsListController.h */ = {isa = PBXFileReference; fileEncoding = 4; lastKnownFileType = sourcecode.c.h; path = GWPNewsListController.h; sourceTree = "<group>"; };
		3F98963A1DF9AA2700A2F87F /* GWPNewsListController.m */ = {isa = PBXFileReference; fileEncoding = 4; lastKnownFileType = sourcecode.c.objc; path = GWPNewsListController.m; sourceTree = "<group>"; };
		3F9B05691DF2E15F00E1EA8C /* ActivityIndicator.xib */ = {isa = PBXFileReference; fileEncoding = 4; lastKnownFileType = file.xib; path = ActivityIndicator.xib; sourceTree = "<group>"; };
		3F9B056D1DF2E87400E1EA8C /* GWPRSSCell_ButtonAction.h */ = {isa = PBXFileReference; lastKnownFileType = sourcecode.c.h; path = GWPRSSCell_ButtonAction.h; sourceTree = "<group>"; };
		3F9B05711DF2FD0F00E1EA8C /* GWPRSSEditViewController.h */ = {isa = PBXFileReference; fileEncoding = 4; lastKnownFileType = sourcecode.c.h; path = GWPRSSEditViewController.h; sourceTree = "<group>"; };
		3F9B05721DF2FD0F00E1EA8C /* GWPRSSEditViewController.m */ = {isa = PBXFileReference; fileEncoding = 4; lastKnownFileType = sourcecode.c.objc; path = GWPRSSEditViewController.m; sourceTree = "<group>"; };
		3FAEE4DC1DEDE52B00A67BB2 /* GWPRSSListCell.h */ = {isa = PBXFileReference; fileEncoding = 4; lastKnownFileType = sourcecode.c.h; path = GWPRSSListCell.h; sourceTree = "<group>"; };
		3FAEE4DD1DEDE52B00A67BB2 /* GWPRSSListCell.m */ = {isa = PBXFileReference; fileEncoding = 4; lastKnownFileType = sourcecode.c.objc; path = GWPRSSListCell.m; sourceTree = "<group>"; };
		3FAEE4DF1DEDE54D00A67BB2 /* GWPRSSNewsCell.xib */ = {isa = PBXFileReference; fileEncoding = 4; lastKnownFileType = file.xib; path = GWPRSSNewsCell.xib; sourceTree = "<group>"; };
		3FAEE4E11DEDE6C800A67BB2 /* GWPRSSTableViewController.h */ = {isa = PBXFileReference; fileEncoding = 4; lastKnownFileType = sourcecode.c.h; path = GWPRSSTableViewController.h; sourceTree = "<group>"; };
		3FAEE4E21DEDE6C800A67BB2 /* GWPRSSTableViewController.m */ = {isa = PBXFileReference; fileEncoding = 4; lastKnownFileType = sourcecode.c.objc; path = GWPRSSTableViewController.m; sourceTree = "<group>"; };
		3FB08EEE1E12CF8D003F1720 /* GWPRSSData+Requests.h */ = {isa = PBXFileReference; fileEncoding = 4; lastKnownFileType = sourcecode.c.h; path = "GWPRSSData+Requests.h"; sourceTree = "<group>"; };
		3FB08EEF1E12CF8D003F1720 /* GWPRSSData+Requests.m */ = {isa = PBXFileReference; fileEncoding = 4; lastKnownFileType = sourcecode.c.objc; path = "GWPRSSData+Requests.m"; sourceTree = "<group>"; };
		3FD4EF221E3A4199006354FB /* GWPBackgroundFetchController.h */ = {isa = PBXFileReference; fileEncoding = 4; lastKnownFileType = sourcecode.c.h; path = GWPBackgroundFetchController.h; sourceTree = "<group>"; };
		3FD4EF231E3A4199006354FB /* GWPBackgroundFetchController.m */ = {isa = PBXFileReference; fileEncoding = 4; lastKnownFileType = sourcecode.c.objc; path = GWPBackgroundFetchController.m; sourceTree = "<group>"; };
		3FD4EF261E3A5271006354FB /* rss.png */ = {isa = PBXFileReference; lastKnownFileType = image.png; path = rss.png; sourceTree = "<group>"; };
		CE5C7F191DDDE15100E0943A /* GWPNewsBodyViewController.h */ = {isa = PBXFileReference; fileEncoding = 4; lastKnownFileType = sourcecode.c.h; path = GWPNewsBodyViewController.h; sourceTree = "<group>"; };
		CE5C7F1A1DDDE15100E0943A /* GWPNewsBodyViewController.m */ = {isa = PBXFileReference; fileEncoding = 4; lastKnownFileType = sourcecode.c.objc; path = GWPNewsBodyViewController.m; sourceTree = "<group>"; };
		CEA15A5F1DDC3F56000533AF /* GWPNewsTableViewController.h */ = {isa = PBXFileReference; fileEncoding = 4; lastKnownFileType = sourcecode.c.h; path = GWPNewsTableViewController.h; sourceTree = "<group>"; };
		CEA15A601DDC3F56000533AF /* GWPNewsTableViewController.m */ = {isa = PBXFileReference; fileEncoding = 4; lastKnownFileType = sourcecode.c.objc; path = GWPNewsTableViewController.m; sourceTree = "<group>"; };
		CEA15A621DDC489F000533AF /* GWPNewsTableViewCell.h */ = {isa = PBXFileReference; fileEncoding = 4; lastKnownFileType = sourcecode.c.h; path = GWPNewsTableViewCell.h; sourceTree = "<group>"; };
		CEA15A631DDC489F000533AF /* GWPNewsTableViewCell.m */ = {isa = PBXFileReference; fileEncoding = 4; lastKnownFileType = sourcecode.c.objc; path = GWPNewsTableViewCell.m; sourceTree = "<group>"; };
		CEA15A651DDC4E53000533AF /* GWPNews.h */ = {isa = PBXFileReference; fileEncoding = 4; lastKnownFileType = sourcecode.c.h; path = GWPNews.h; sourceTree = "<group>"; };
		CEA15A661DDC4E53000533AF /* GWPNews.m */ = {isa = PBXFileReference; fileEncoding = 4; lastKnownFileType = sourcecode.c.objc; path = GWPNews.m; sourceTree = "<group>"; };
		CEEF06A81DDA0D680069F9B6 /* RSS-reader.app */ = {isa = PBXFileReference; explicitFileType = wrapper.application; includeInIndex = 0; path = "RSS-reader.app"; sourceTree = BUILT_PRODUCTS_DIR; };
		CEEF06AC1DDA0D680069F9B6 /* main.m */ = {isa = PBXFileReference; lastKnownFileType = sourcecode.c.objc; path = main.m; sourceTree = "<group>"; };
		CEEF06AE1DDA0D680069F9B6 /* AppDelegate.h */ = {isa = PBXFileReference; lastKnownFileType = sourcecode.c.h; path = AppDelegate.h; sourceTree = "<group>"; };
		CEEF06AF1DDA0D680069F9B6 /* AppDelegate.m */ = {isa = PBXFileReference; lastKnownFileType = sourcecode.c.objc; path = AppDelegate.m; sourceTree = "<group>"; };
		CEEF06B51DDA0D680069F9B6 /* Base */ = {isa = PBXFileReference; lastKnownFileType = file.storyboard; name = Base; path = Base.lproj/Main.storyboard; sourceTree = "<group>"; };
		CEEF06B71DDA0D680069F9B6 /* Assets.xcassets */ = {isa = PBXFileReference; lastKnownFileType = folder.assetcatalog; path = Assets.xcassets; sourceTree = "<group>"; };
		CEEF06BA1DDA0D680069F9B6 /* Base */ = {isa = PBXFileReference; lastKnownFileType = file.storyboard; name = Base; path = Base.lproj/LaunchScreen.storyboard; sourceTree = "<group>"; };
		CEEF06BC1DDA0D680069F9B6 /* Info.plist */ = {isa = PBXFileReference; lastKnownFileType = text.plist.xml; path = Info.plist; sourceTree = "<group>"; };
/* End PBXFileReference section */

/* Begin PBXFrameworksBuildPhase section */
		CEEF06A51DDA0D680069F9B6 /* Frameworks */ = {
			isa = PBXFrameworksBuildPhase;
			buildActionMask = 2147483647;
			files = (
			);
			runOnlyForDeploymentPostprocessing = 0;
		};
/* End PBXFrameworksBuildPhase section */

/* Begin PBXGroup section */
		3F6B4E5E1DEEDA1F000D25BD /* RSSList */ = {
			isa = PBXGroup;
			children = (
				3FAEE4E11DEDE6C800A67BB2 /* GWPRSSTableViewController.h */,
				3FAEE4E21DEDE6C800A67BB2 /* GWPRSSTableViewController.m */,
			);
			name = RSSList;
			sourceTree = "<group>";
		};
		3F6B4E5F1DEEDA51000D25BD /* NewsList */ = {
			isa = PBXGroup;
			children = (
				CEA15A5F1DDC3F56000533AF /* GWPNewsTableViewController.h */,
				CEA15A601DDC3F56000533AF /* GWPNewsTableViewController.m */,
			);
			name = NewsList;
			sourceTree = "<group>";
		};
		3F6B4E601DEEDA68000D25BD /* NewsBody */ = {
			isa = PBXGroup;
			children = (
				CE5C7F191DDDE15100E0943A /* GWPNewsBodyViewController.h */,
				CE5C7F1A1DDDE15100E0943A /* GWPNewsBodyViewController.m */,
			);
			name = NewsBody;
			sourceTree = "<group>";
		};
		3F6B4E621DEEDECE000D25BD /* Protocols */ = {
			isa = PBXGroup;
			children = (
				3F7254CC1DE5D7FB00893BA7 /* GWPDBControllerDelegate.h */,
				3F6B4E671DEEF2E3000D25BD /* GWPNewsListControllerProtocol.h */,
				3F6B4E691DEEF4CC000D25BD /* GWPRSSListControllerProtocol.h */,
				3F8130011DF6EEE5001A0569 /* GWPNewsMarkerControllerProtocol.h */,
				3F7B2A081DFACD18008B699D /* GWPContextControllerParent.h */,
				3F7B2A0C1DFAFD2E008B699D /* GWPEditControllerProtocol.h */,
				3F901C521DFC21A40049B3B0 /* GWPNewsListControllerParent.h */,
				3F901C531DFC282C0049B3B0 /* GWPRecieverControllerParent.h */,
			);
			name = Protocols;
			sourceTree = "<group>";
		};
		3F6B4E631DEEDEE3000D25BD /* Xibs */ = {
			isa = PBXGroup;
			children = (
				3F814D821DE482FC0056F9FF /* NewsCell.xib */,
				3FAEE4DF1DEDE54D00A67BB2 /* GWPRSSNewsCell.xib */,
				3F9B05691DF2E15F00E1EA8C /* ActivityIndicator.xib */,
			);
			name = Xibs;
			sourceTree = "<group>";
		};
		3F7254C81DE58B6100893BA7 /* Frameworks */ = {
			isa = PBXGroup;
			children = (
			);
			name = Frameworks;
			sourceTree = "<group>";
		};
		3F72B5E81DF818EA008286BA /* DataPacks */ = {
			isa = PBXGroup;
			children = (
				3F6B4E591DEED18B000D25BD /* GWPRSS.h */,
				3F6B4E5A1DEED18B000D25BD /* GWPRSS.m */,
				CEA15A651DDC4E53000533AF /* GWPNews.h */,
				CEA15A661DDC4E53000533AF /* GWPNews.m */,
				3FB08EEE1E12CF8D003F1720 /* GWPRSSData+Requests.h */,
				3FB08EEF1E12CF8D003F1720 /* GWPRSSData+Requests.m */,
			);
			name = DataPacks;
			sourceTree = "<group>";
		};
		3F814D7C1DE471CA0056F9FF /* Interface */ = {
			isa = PBXGroup;
			children = (
				3F6B4E631DEEDEE3000D25BD /* Xibs */,
				CEEF06B41DDA0D680069F9B6 /* Main.storyboard */,
				CEEF06B91DDA0D680069F9B6 /* LaunchScreen.storyboard */,
				3FD4EF261E3A5271006354FB /* rss.png */,
			);
			name = Interface;
			sourceTree = "<group>";
		};
		3F814D7D1DE471EB0056F9FF /* Controllers */ = {
			isa = PBXGroup;
			children = (
				3F6B4E5E1DEEDA1F000D25BD /* RSSList */,
				3F9B05741DF2FD1600E1EA8C /* RSSEdit */,
				3F6B4E5F1DEEDA51000D25BD /* NewsList */,
				3F6B4E601DEEDA68000D25BD /* NewsBody */,
				3F76C4211E27DD150075E739 /* GWPRSSImageExtractor.h */,
				3F76C4221E27DD150075E739 /* GWPRSSImageExtractor.m */,
			);
			name = Controllers;
			sourceTree = "<group>";
		};
		3F814D7E1DE472170056F9FF /* Custom Ui elements */ = {
			isa = PBXGroup;
			children = (
				3F9B056D1DF2E87400E1EA8C /* GWPRSSCell_ButtonAction.h */,
				CEA15A621DDC489F000533AF /* GWPNewsTableViewCell.h */,
				CEA15A631DDC489F000533AF /* GWPNewsTableViewCell.m */,
				3FAEE4DC1DEDE52B00A67BB2 /* GWPRSSListCell.h */,
				3FAEE4DD1DEDE52B00A67BB2 /* GWPRSSListCell.m */,
			);
			name = "Custom Ui elements";
			sourceTree = "<group>";
		};
		3F814D7F1DE4726E0056F9FF /* DataModel */ = {
			isa = PBXGroup;
			children = (
				3F72B5F21DF842D1008286BA /* DB.xcdatamodeld */,
				3F72B5E81DF818EA008286BA /* DataPacks */,
				3F6B4E621DEEDECE000D25BD /* Protocols */,
				3F814D8A1DE4A9560056F9FF /* DataRecievers */,
				3F9896381DF9A9DE00A2F87F /* ContextControllers */,
				3F8130051DF6F29A001A0569 /* GWPDBController.h */,
				3F8130061DF6F29A001A0569 /* GWPDBController.m */,
				3FD4EF221E3A4199006354FB /* GWPBackgroundFetchController.h */,
				3FD4EF231E3A4199006354FB /* GWPBackgroundFetchController.m */,
				3F9896311DF9A49900A2F87F /* GWPDBControllerFactory.h */,
				3F9896321DF9A49900A2F87F /* GWPDBControllerFactory.m */,
			);
			name = DataModel;
			sourceTree = "<group>";
		};
		3F814D8A1DE4A9560056F9FF /* DataRecievers */ = {
			isa = PBXGroup;
			children = (
				3F814D8B1DE4A9DE0056F9FF /* GWPRSSParser.h */,
				3F814D8C1DE4A9DE0056F9FF /* GWPRSSParser.m */,
			);
			name = DataRecievers;
			sourceTree = "<group>";
		};
		3F815C091DE8990F005D03D7 /* Additional Tasks */ = {
			isa = PBXGroup;
			children = (
				3F815C061DE898FF005D03D7 /* GWPXibLoadCategory.h */,
				3F815C071DE898FF005D03D7 /* GWPXibLoadCategory.m */,
			);
			name = "Additional Tasks";
			sourceTree = "<group>";
		};
		3F9896341DF9A76600A2F87F /* UI */ = {
			isa = PBXGroup;
			children = (
				3F814D7E1DE472170056F9FF /* Custom Ui elements */,
				3F814D7C1DE471CA0056F9FF /* Interface */,
			);
			name = UI;
			sourceTree = "<group>";
		};
		3F9896381DF9A9DE00A2F87F /* ContextControllers */ = {
			isa = PBXGroup;
			children = (
				3F9896351DF9A86000A2F87F /* GWPContextController.h */,
				3F9896361DF9A86000A2F87F /* GWPContextController.m */,
				3F9896391DF9AA2700A2F87F /* GWPNewsListController.h */,
				3F98963A1DF9AA2700A2F87F /* GWPNewsListController.m */,
				3F7B2A091DFAFCE2008B699D /* GWPRSSListController.h */,
				3F7B2A0A1DFAFCE2008B699D /* GWPRSSListController.m */,
				3F7B2A0D1DFB0528008B699D /* GWPRSSEditController.h */,
				3F7B2A0E1DFB0528008B699D /* GWPRSSEditController.m */,
				3F901C481DFC0DBC0049B3B0 /* GWPNewsMarkerController.h */,
				3F901C491DFC0DBC0049B3B0 /* GWPNewsMarkerController.m */,
				3F901C4B1DFC149C0049B3B0 /* GWPNewsRecieverController.h */,
				3F901C4C1DFC149C0049B3B0 /* GWPNewsRecieverController.m */,
			);
			name = ContextControllers;
			sourceTree = "<group>";
		};
		3F9B05741DF2FD1600E1EA8C /* RSSEdit */ = {
			isa = PBXGroup;
			children = (
				3F9B05711DF2FD0F00E1EA8C /* GWPRSSEditViewController.h */,
				3F9B05721DF2FD0F00E1EA8C /* GWPRSSEditViewController.m */,
			);
			name = RSSEdit;
			sourceTree = "<group>";
		};
		CEEF069F1DDA0D680069F9B6 = {
			isa = PBXGroup;
			children = (
				CEEF06AA1DDA0D680069F9B6 /* RSS-reader */,
				CEEF06A91DDA0D680069F9B6 /* Products */,
				3F7254C81DE58B6100893BA7 /* Frameworks */,
			);
			sourceTree = "<group>";
		};
		CEEF06A91DDA0D680069F9B6 /* Products */ = {
			isa = PBXGroup;
			children = (
				CEEF06A81DDA0D680069F9B6 /* RSS-reader.app */,
			);
			name = Products;
			sourceTree = "<group>";
		};
		CEEF06AA1DDA0D680069F9B6 /* RSS-reader */ = {
			isa = PBXGroup;
			children = (
				3F815C091DE8990F005D03D7 /* Additional Tasks */,
				CEEF06AE1DDA0D680069F9B6 /* AppDelegate.h */,
				CEEF06AF1DDA0D680069F9B6 /* AppDelegate.m */,
				3F814D7D1DE471EB0056F9FF /* Controllers */,
				3F814D7F1DE4726E0056F9FF /* DataModel */,
				3F9896341DF9A76600A2F87F /* UI */,
				CEEF06B71DDA0D680069F9B6 /* Assets.xcassets */,
				CEEF06BC1DDA0D680069F9B6 /* Info.plist */,
				CEEF06AB1DDA0D680069F9B6 /* Supporting Files */,
			);
			path = "RSS-reader";
			sourceTree = "<group>";
		};
		CEEF06AB1DDA0D680069F9B6 /* Supporting Files */ = {
			isa = PBXGroup;
			children = (
				CEEF06AC1DDA0D680069F9B6 /* main.m */,
			);
			name = "Supporting Files";
			sourceTree = "<group>";
		};
/* End PBXGroup section */

/* Begin PBXNativeTarget section */
		CEEF06A71DDA0D680069F9B6 /* RSS-reader */ = {
			isa = PBXNativeTarget;
			buildConfigurationList = CEEF06BF1DDA0D680069F9B6 /* Build configuration list for PBXNativeTarget "RSS-reader" */;
			buildPhases = (
				CEEF06A41DDA0D680069F9B6 /* Sources */,
				CEEF06A51DDA0D680069F9B6 /* Frameworks */,
				CEEF06A61DDA0D680069F9B6 /* Resources */,
			);
			buildRules = (
			);
			dependencies = (
			);
			name = "RSS-reader";
			productName = "RSS-reader";
			productReference = CEEF06A81DDA0D680069F9B6 /* RSS-reader.app */;
			productType = "com.apple.product-type.application";
		};
/* End PBXNativeTarget section */

/* Begin PBXProject section */
		CEEF06A01DDA0D680069F9B6 /* Project object */ = {
			isa = PBXProject;
			attributes = {
				LastUpgradeCheck = 0810;
				ORGANIZATIONNAME = User;
				TargetAttributes = {
					CEEF06A71DDA0D680069F9B6 = {
						CreatedOnToolsVersion = 8.1;
						DevelopmentTeam = 2S7BBM2RW4;
						ProvisioningStyle = Automatic;
						SystemCapabilities = {
							com.apple.BackgroundModes = {
								enabled = 1;
							};
							com.apple.WAC = {
								enabled = 0;
							};
						};
					};
				};
			};
			buildConfigurationList = CEEF06A31DDA0D680069F9B6 /* Build configuration list for PBXProject "RSS-reader" */;
			compatibilityVersion = "Xcode 3.2";
			developmentRegion = English;
			hasScannedForEncodings = 0;
			knownRegions = (
				en,
				Base,
			);
			mainGroup = CEEF069F1DDA0D680069F9B6;
			productRefGroup = CEEF06A91DDA0D680069F9B6 /* Products */;
			projectDirPath = "";
			projectRoot = "";
			targets = (
				CEEF06A71DDA0D680069F9B6 /* RSS-reader */,
			);
		};
/* End PBXProject section */

/* Begin PBXResourcesBuildPhase section */
		CEEF06A61DDA0D680069F9B6 /* Resources */ = {
			isa = PBXResourcesBuildPhase;
			buildActionMask = 2147483647;
			files = (
				3FAEE4E01DEDE54D00A67BB2 /* GWPRSSNewsCell.xib in Resources */,
				CEEF06BB1DDA0D680069F9B6 /* LaunchScreen.storyboard in Resources */,
				CEEF06B81DDA0D680069F9B6 /* Assets.xcassets in Resources */,
				3FD4EF271E3A5271006354FB /* rss.png in Resources */,
				3F814D831DE482FC0056F9FF /* NewsCell.xib in Resources */,
				3F9B056A1DF2E15F00E1EA8C /* ActivityIndicator.xib in Resources */,
				CEEF06B61DDA0D680069F9B6 /* Main.storyboard in Resources */,
			);
			runOnlyForDeploymentPostprocessing = 0;
		};
/* End PBXResourcesBuildPhase section */

/* Begin PBXSourcesBuildPhase section */
		CEEF06A41DDA0D680069F9B6 /* Sources */ = {
			isa = PBXSourcesBuildPhase;
			buildActionMask = 2147483647;
			files = (
				3F98963B1DF9AA2700A2F87F /* GWPNewsListController.m in Sources */,
				3F901C4A1DFC0DBC0049B3B0 /* GWPNewsMarkerController.m in Sources */,
				3F7B2A0B1DFAFCE2008B699D /* GWPRSSListController.m in Sources */,
				CEA15A611DDC3F56000533AF /* GWPNewsTableViewController.m in Sources */,
				CEA15A641DDC489F000533AF /* GWPNewsTableViewCell.m in Sources */,
				3FAEE4DE1DEDE52B00A67BB2 /* GWPRSSListCell.m in Sources */,
				3F72B5F41DF842D1008286BA /* DB.xcdatamodeld in Sources */,
				3F76C4231E27DD150075E739 /* GWPRSSImageExtractor.m in Sources */,
				3F8130071DF6F29A001A0569 /* GWPDBController.m in Sources */,
				3FAEE4E31DEDE6C800A67BB2 /* GWPRSSTableViewController.m in Sources */,
				3FB08EF01E12CF8D003F1720 /* GWPRSSData+Requests.m in Sources */,
				3F814D8D1DE4A9DE0056F9FF /* GWPRSSParser.m in Sources */,
				CEEF06B01DDA0D680069F9B6 /* AppDelegate.m in Sources */,
				3FD4EF241E3A4199006354FB /* GWPBackgroundFetchController.m in Sources */,
				3F9B05731DF2FD0F00E1EA8C /* GWPRSSEditViewController.m in Sources */,
				CE5C7F1B1DDDE15100E0943A /* GWPNewsBodyViewController.m in Sources */,
				3F815C081DE898FF005D03D7 /* GWPXibLoadCategory.m in Sources */,
				3F9896371DF9A86000A2F87F /* GWPContextController.m in Sources */,
				CEEF06AD1DDA0D680069F9B6 /* main.m in Sources */,
				3F7B2A0F1DFB0528008B699D /* GWPRSSEditController.m in Sources */,
				3F9896331DF9A49900A2F87F /* GWPDBControllerFactory.m in Sources */,
				CEA15A671DDC4E53000533AF /* GWPNews.m in Sources */,
				3F6B4E5B1DEED18B000D25BD /* GWPRSS.m in Sources */,
				3F901C4D1DFC149C0049B3B0 /* GWPNewsRecieverController.m in Sources */,
			);
			runOnlyForDeploymentPostprocessing = 0;
		};
/* End PBXSourcesBuildPhase section */

/* Begin PBXVariantGroup section */
		CEEF06B41DDA0D680069F9B6 /* Main.storyboard */ = {
			isa = PBXVariantGroup;
			children = (
				CEEF06B51DDA0D680069F9B6 /* Base */,
			);
			name = Main.storyboard;
			sourceTree = "<group>";
		};
		CEEF06B91DDA0D680069F9B6 /* LaunchScreen.storyboard */ = {
			isa = PBXVariantGroup;
			children = (
				CEEF06BA1DDA0D680069F9B6 /* Base */,
			);
			name = LaunchScreen.storyboard;
			sourceTree = "<group>";
		};
/* End PBXVariantGroup section */

/* Begin XCBuildConfiguration section */
		CEEF06BD1DDA0D680069F9B6 /* Debug */ = {
			isa = XCBuildConfiguration;
			buildSettings = {
				ALWAYS_SEARCH_USER_PATHS = NO;
				CLANG_ANALYZER_NONNULL = YES;
				CLANG_CXX_LANGUAGE_STANDARD = "gnu++0x";
				CLANG_CXX_LIBRARY = "libc++";
				CLANG_ENABLE_MODULES = YES;
				CLANG_ENABLE_OBJC_ARC = YES;
				CLANG_WARN_BOOL_CONVERSION = YES;
				CLANG_WARN_CONSTANT_CONVERSION = YES;
				CLANG_WARN_DIRECT_OBJC_ISA_USAGE = YES_ERROR;
				CLANG_WARN_DOCUMENTATION_COMMENTS = YES;
				CLANG_WARN_EMPTY_BODY = YES;
				CLANG_WARN_ENUM_CONVERSION = YES;
				CLANG_WARN_INFINITE_RECURSION = YES;
				CLANG_WARN_INT_CONVERSION = YES;
				CLANG_WARN_OBJC_ROOT_CLASS = YES_ERROR;
				CLANG_WARN_SUSPICIOUS_MOVES = YES;
				CLANG_WARN_UNREACHABLE_CODE = YES;
				CLANG_WARN__DUPLICATE_METHOD_MATCH = YES;
				"CODE_SIGN_IDENTITY[sdk=iphoneos*]" = "iPhone Developer";
				COPY_PHASE_STRIP = NO;
				DEBUG_INFORMATION_FORMAT = dwarf;
				ENABLE_STRICT_OBJC_MSGSEND = YES;
				ENABLE_TESTABILITY = YES;
				GCC_C_LANGUAGE_STANDARD = gnu99;
				GCC_DYNAMIC_NO_PIC = NO;
				GCC_NO_COMMON_BLOCKS = YES;
				GCC_OPTIMIZATION_LEVEL = 0;
				GCC_PREPROCESSOR_DEFINITIONS = (
					"DEBUG=1",
					"$(inherited)",
				);
				GCC_WARN_64_TO_32_BIT_CONVERSION = YES;
				GCC_WARN_ABOUT_RETURN_TYPE = YES_ERROR;
				GCC_WARN_UNDECLARED_SELECTOR = YES;
				GCC_WARN_UNINITIALIZED_AUTOS = YES_AGGRESSIVE;
				GCC_WARN_UNUSED_FUNCTION = YES;
				GCC_WARN_UNUSED_VARIABLE = YES;
				IPHONEOS_DEPLOYMENT_TARGET = 10.1;
				MTL_ENABLE_DEBUG_INFO = YES;
				ONLY_ACTIVE_ARCH = YES;
				SDKROOT = iphoneos;
				TARGETED_DEVICE_FAMILY = "1,2";
			};
			name = Debug;
		};
		CEEF06BE1DDA0D680069F9B6 /* Release */ = {
			isa = XCBuildConfiguration;
			buildSettings = {
				ALWAYS_SEARCH_USER_PATHS = NO;
				CLANG_ANALYZER_NONNULL = YES;
				CLANG_CXX_LANGUAGE_STANDARD = "gnu++0x";
				CLANG_CXX_LIBRARY = "libc++";
				CLANG_ENABLE_MODULES = YES;
				CLANG_ENABLE_OBJC_ARC = YES;
				CLANG_WARN_BOOL_CONVERSION = YES;
				CLANG_WARN_CONSTANT_CONVERSION = YES;
				CLANG_WARN_DIRECT_OBJC_ISA_USAGE = YES_ERROR;
				CLANG_WARN_DOCUMENTATION_COMMENTS = YES;
				CLANG_WARN_EMPTY_BODY = YES;
				CLANG_WARN_ENUM_CONVERSION = YES;
				CLANG_WARN_INFINITE_RECURSION = YES;
				CLANG_WARN_INT_CONVERSION = YES;
				CLANG_WARN_OBJC_ROOT_CLASS = YES_ERROR;
				CLANG_WARN_SUSPICIOUS_MOVES = YES;
				CLANG_WARN_UNREACHABLE_CODE = YES;
				CLANG_WARN__DUPLICATE_METHOD_MATCH = YES;
				"CODE_SIGN_IDENTITY[sdk=iphoneos*]" = "iPhone Developer";
				COPY_PHASE_STRIP = NO;
				DEBUG_INFORMATION_FORMAT = "dwarf-with-dsym";
				ENABLE_NS_ASSERTIONS = NO;
				ENABLE_STRICT_OBJC_MSGSEND = YES;
				GCC_C_LANGUAGE_STANDARD = gnu99;
				GCC_NO_COMMON_BLOCKS = YES;
				GCC_WARN_64_TO_32_BIT_CONVERSION = YES;
				GCC_WARN_ABOUT_RETURN_TYPE = YES_ERROR;
				GCC_WARN_UNDECLARED_SELECTOR = YES;
				GCC_WARN_UNINITIALIZED_AUTOS = YES_AGGRESSIVE;
				GCC_WARN_UNUSED_FUNCTION = YES;
				GCC_WARN_UNUSED_VARIABLE = YES;
				IPHONEOS_DEPLOYMENT_TARGET = 10.1;
				MTL_ENABLE_DEBUG_INFO = NO;
				SDKROOT = iphoneos;
				TARGETED_DEVICE_FAMILY = "1,2";
				VALIDATE_PRODUCT = YES;
			};
			name = Release;
		};
		CEEF06C01DDA0D680069F9B6 /* Debug */ = {
			isa = XCBuildConfiguration;
			buildSettings = {
				ASSETCATALOG_COMPILER_APPICON_NAME = AppIcon;
				DEVELOPMENT_TEAM = 2S7BBM2RW4;
				INFOPLIST_FILE = "RSS-reader/Info.plist";
				IPHONEOS_DEPLOYMENT_TARGET = 9.0;
				LD_RUNPATH_SEARCH_PATHS = "$(inherited) @executable_path/Frameworks";
				PRODUCT_BUNDLE_IDENTIFIER = "mercury-development.RSS-reader";
				PRODUCT_NAME = "$(TARGET_NAME)";
			};
			name = Debug;
		};
		CEEF06C11DDA0D680069F9B6 /* Release */ = {
			isa = XCBuildConfiguration;
			buildSettings = {
				ASSETCATALOG_COMPILER_APPICON_NAME = AppIcon;
				DEVELOPMENT_TEAM = 2S7BBM2RW4;
				INFOPLIST_FILE = "RSS-reader/Info.plist";
				IPHONEOS_DEPLOYMENT_TARGET = 9.0;
				LD_RUNPATH_SEARCH_PATHS = "$(inherited) @executable_path/Frameworks";
				PRODUCT_BUNDLE_IDENTIFIER = "mercury-development.RSS-reader";
				PRODUCT_NAME = "$(TARGET_NAME)";
			};
			name = Release;
		};
/* End XCBuildConfiguration section */

/* Begin XCConfigurationList section */
		CEEF06A31DDA0D680069F9B6 /* Build configuration list for PBXProject "RSS-reader" */ = {
			isa = XCConfigurationList;
			buildConfigurations = (
				CEEF06BD1DDA0D680069F9B6 /* Debug */,
				CEEF06BE1DDA0D680069F9B6 /* Release */,
			);
			defaultConfigurationIsVisible = 0;
			defaultConfigurationName = Release;
		};
		CEEF06BF1DDA0D680069F9B6 /* Build configuration list for PBXNativeTarget "RSS-reader" */ = {
			isa = XCConfigurationList;
			buildConfigurations = (
				CEEF06C01DDA0D680069F9B6 /* Debug */,
				CEEF06C11DDA0D680069F9B6 /* Release */,
			);
			defaultConfigurationIsVisible = 0;
			defaultConfigurationName = Release;
		};
/* End XCConfigurationList section */

/* Begin XCVersionGroup section */
		3F72B5F21DF842D1008286BA /* DB.xcdatamodeld */ = {
			isa = XCVersionGroup;
			children = (
				3F72B5F31DF842D1008286BA /* DB.xcdatamodel */,
			);
			currentVersion = 3F72B5F31DF842D1008286BA /* DB.xcdatamodel */;
			path = DB.xcdatamodeld;
			sourceTree = "<group>";
			versionGroupType = wrapper.xcdatamodel;
		};
/* End XCVersionGroup section */
	};
	rootObject = CEEF06A01DDA0D680069F9B6 /* Project object */;
}
